// !$*UTF8*$!
{
	archiveVersion = 1;
	classes = {
	};
	objectVersion = 56;
	objects = {

/* Begin PBXBuildFile section */
		3775730E2ADEF7BF00BED241 /* EndDay.swift in Sources */ = {isa = PBXBuildFile; fileRef = 3775730D2ADEF7BF00BED241 /* EndDay.swift */; };
		37A2DFE42AD5BDF1008C6540 /* FinalPage.swift in Sources */ = {isa = PBXBuildFile; fileRef = 37A2DFE32AD5BDF1008C6540 /* FinalPage.swift */; };
		37CCE0132AD3F49600B7AE4B /* MunjezApp.swift in Sources */ = {isa = PBXBuildFile; fileRef = 37CCE0122AD3F49600B7AE4B /* MunjezApp.swift */; };
		37CCE0172AD3F49700B7AE4B /* Assets.xcassets in Resources */ = {isa = PBXBuildFile; fileRef = 37CCE0162AD3F49700B7AE4B /* Assets.xcassets */; };
		37CCE01A2AD3F49700B7AE4B /* Preview Assets.xcassets in Resources */ = {isa = PBXBuildFile; fileRef = 37CCE0192AD3F49700B7AE4B /* Preview Assets.xcassets */; };
		37E042192ADD348C00A53CC2 /* tasksList.swift in Sources */ = {isa = PBXBuildFile; fileRef = 37E042182ADD348C00A53CC2 /* tasksList.swift */; };
		4BCEE4CF2ADE74720086FBB5 /* weeklyMap.swift in Sources */ = {isa = PBXBuildFile; fileRef = 4BCEE4CE2ADE74720086FBB5 /* weeklyMap.swift */; };
		4BCEE4D12ADE74E30086FBB5 /* mImage.swift in Sources */ = {isa = PBXBuildFile; fileRef = 4BCEE4D02ADE74E30086FBB5 /* mImage.swift */; };
		A313852F2B149F070032DB79 /* newWeek.swift in Sources */ = {isa = PBXBuildFile; fileRef = A313852E2B149F070032DB79 /* newWeek.swift */; };
		A48F2EEB2B15EA36008CC6C0 /* clap.mp3 in Resources */ = {isa = PBXBuildFile; fileRef = A48F2EEA2B15EA36008CC6C0 /* clap.mp3 */; };
		F0970F902AD7DB9800E9277D /* personalPage.swift in Sources */ = {isa = PBXBuildFile; fileRef = F0970F8F2AD7DB9800E9277D /* personalPage.swift */; };
		F0970F922AD7DC0E00E9277D /* Selectbutton.swift in Sources */ = {isa = PBXBuildFile; fileRef = F0970F912AD7DC0E00E9277D /* Selectbutton.swift */; };
		F0970F942AD7DC5300E9277D /* choosePets.swift in Sources */ = {isa = PBXBuildFile; fileRef = F0970F932AD7DC5300E9277D /* choosePets.swift */; };
		F0970F962AD7DC8000E9277D /* Selectbutton2.swift in Sources */ = {isa = PBXBuildFile; fileRef = F0970F952AD7DC8000E9277D /* Selectbutton2.swift */; };
		F0970F9A2AD7FE3A00E9277D /* SelectTask.swift in Sources */ = {isa = PBXBuildFile; fileRef = F0970F992AD7FE3A00E9277D /* SelectTask.swift */; };
		F0970F9C2AD7FE9D00E9277D /* SelectButton3.swift in Sources */ = {isa = PBXBuildFile; fileRef = F0970F9B2AD7FE9D00E9277D /* SelectButton3.swift */; };
/* End PBXBuildFile section */

/* Begin PBXFileReference section */
		3775730C2ADE88E900BED241 /* Info.plist */ = {isa = PBXFileReference; lastKnownFileType = text.plist; path = Info.plist; sourceTree = "<group>"; };
		3775730D2ADEF7BF00BED241 /* EndDay.swift */ = {isa = PBXFileReference; lastKnownFileType = sourcecode.swift; path = EndDay.swift; sourceTree = "<group>"; };
		37A2DFE32AD5BDF1008C6540 /* FinalPage.swift */ = {isa = PBXFileReference; lastKnownFileType = sourcecode.swift; path = FinalPage.swift; sourceTree = "<group>"; };
		37CCE00F2AD3F49600B7AE4B /* Munjez.app */ = {isa = PBXFileReference; explicitFileType = wrapper.application; includeInIndex = 0; path = Munjez.app; sourceTree = BUILT_PRODUCTS_DIR; };
		37CCE0122AD3F49600B7AE4B /* MunjezApp.swift */ = {isa = PBXFileReference; lastKnownFileType = sourcecode.swift; path = MunjezApp.swift; sourceTree = "<group>"; };
		37CCE0162AD3F49700B7AE4B /* Assets.xcassets */ = {isa = PBXFileReference; lastKnownFileType = folder.assetcatalog; path = Assets.xcassets; sourceTree = "<group>"; };
		37CCE0192AD3F49700B7AE4B /* Preview Assets.xcassets */ = {isa = PBXFileReference; lastKnownFileType = folder.assetcatalog; path = "Preview Assets.xcassets"; sourceTree = "<group>"; };
		37E042182ADD348C00A53CC2 /* tasksList.swift */ = {isa = PBXFileReference; lastKnownFileType = sourcecode.swift; path = tasksList.swift; sourceTree = "<group>"; };
		4BCEE4CE2ADE74720086FBB5 /* weeklyMap.swift */ = {isa = PBXFileReference; lastKnownFileType = sourcecode.swift; path = weeklyMap.swift; sourceTree = "<group>"; };
		4BCEE4D02ADE74E30086FBB5 /* mImage.swift */ = {isa = PBXFileReference; lastKnownFileType = sourcecode.swift; path = mImage.swift; sourceTree = "<group>"; };
		A313852E2B149F070032DB79 /* newWeek.swift */ = {isa = PBXFileReference; lastKnownFileType = sourcecode.swift; path = newWeek.swift; sourceTree = "<group>"; };
		A48F2EEA2B15EA36008CC6C0 /* clap.mp3 */ = {isa = PBXFileReference; lastKnownFileType = audio.mp3; name = clap.mp3; path = "../../../../Downloads/challenge One/Munjez/Munjez/clap.mp3"; sourceTree = "<group>"; };
		F0970F8F2AD7DB9800E9277D /* personalPage.swift */ = {isa = PBXFileReference; lastKnownFileType = sourcecode.swift; path = personalPage.swift; sourceTree = "<group>"; };
		F0970F912AD7DC0E00E9277D /* Selectbutton.swift */ = {isa = PBXFileReference; lastKnownFileType = sourcecode.swift; path = Selectbutton.swift; sourceTree = "<group>"; };
		F0970F932AD7DC5300E9277D /* choosePets.swift */ = {isa = PBXFileReference; lastKnownFileType = sourcecode.swift; path = choosePets.swift; sourceTree = "<group>"; };
		F0970F952AD7DC8000E9277D /* Selectbutton2.swift */ = {isa = PBXFileReference; lastKnownFileType = sourcecode.swift; path = Selectbutton2.swift; sourceTree = "<group>"; };
		F0970F992AD7FE3A00E9277D /* SelectTask.swift */ = {isa = PBXFileReference; lastKnownFileType = sourcecode.swift; path = SelectTask.swift; sourceTree = "<group>"; };
		F0970F9B2AD7FE9D00E9277D /* SelectButton3.swift */ = {isa = PBXFileReference; lastKnownFileType = sourcecode.swift; path = SelectButton3.swift; sourceTree = "<group>"; };
/* End PBXFileReference section */

/* Begin PBXFrameworksBuildPhase section */
		37CCE00C2AD3F49600B7AE4B /* Frameworks */ = {
			isa = PBXFrameworksBuildPhase;
			buildActionMask = 2147483647;
			files = (
			);
			runOnlyForDeploymentPostprocessing = 0;
		};
/* End PBXFrameworksBuildPhase section */

/* Begin PBXGroup section */
		37CCE0062AD3F49600B7AE4B = {
			isa = PBXGroup;
			children = (
				37CCE0112AD3F49600B7AE4B /* Munjez */,
				37CCE0102AD3F49600B7AE4B /* Products */,
			);
			sourceTree = "<group>";
		};
		37CCE0102AD3F49600B7AE4B /* Products */ = {
			isa = PBXGroup;
			children = (
				37CCE00F2AD3F49600B7AE4B /* Munjez.app */,
			);
			name = Products;
			sourceTree = "<group>";
		};
		37CCE0112AD3F49600B7AE4B /* Munjez */ = {
			isa = PBXGroup;
			children = (
				3775730C2ADE88E900BED241 /* Info.plist */,
				F0970F8F2AD7DB9800E9277D /* personalPage.swift */,
				37E042182ADD348C00A53CC2 /* tasksList.swift */,
				3775730D2ADEF7BF00BED241 /* EndDay.swift */,
				F0970F912AD7DC0E00E9277D /* Selectbutton.swift */,
				4BCEE4D02ADE74E30086FBB5 /* mImage.swift */,
				A313852E2B149F070032DB79 /* newWeek.swift */,
				F0970F932AD7DC5300E9277D /* choosePets.swift */,
				F0970F952AD7DC8000E9277D /* Selectbutton2.swift */,
				F0970F992AD7FE3A00E9277D /* SelectTask.swift */,
				4BCEE4CE2ADE74720086FBB5 /* weeklyMap.swift */,
				A48F2EEA2B15EA36008CC6C0 /* clap.mp3 */,
				F0970F9B2AD7FE9D00E9277D /* SelectButton3.swift */,
				37A2DFE32AD5BDF1008C6540 /* FinalPage.swift */,
				37CCE0122AD3F49600B7AE4B /* MunjezApp.swift */,
				37CCE0162AD3F49700B7AE4B /* Assets.xcassets */,
				37CCE0182AD3F49700B7AE4B /* Preview Content */,
			);
			path = Munjez;
			sourceTree = "<group>";
		};
		37CCE0182AD3F49700B7AE4B /* Preview Content */ = {
			isa = PBXGroup;
			children = (
				37CCE0192AD3F49700B7AE4B /* Preview Assets.xcassets */,
			);
			path = "Preview Content";
			sourceTree = "<group>";
		};
/* End PBXGroup section */

/* Begin PBXNativeTarget section */
		37CCE00E2AD3F49600B7AE4B /* Munjez */ = {
			isa = PBXNativeTarget;
			buildConfigurationList = 37CCE01D2AD3F49700B7AE4B /* Build configuration list for PBXNativeTarget "Munjez" */;
			buildPhases = (
				37CCE00B2AD3F49600B7AE4B /* Sources */,
				37CCE00C2AD3F49600B7AE4B /* Frameworks */,
				37CCE00D2AD3F49600B7AE4B /* Resources */,
			);
			buildRules = (
			);
			dependencies = (
			);
			name = Munjez;
			productName = Munjez;
			productReference = 37CCE00F2AD3F49600B7AE4B /* Munjez.app */;
			productType = "com.apple.product-type.application";
		};
/* End PBXNativeTarget section */

/* Begin PBXProject section */
		37CCE0072AD3F49600B7AE4B /* Project object */ = {
			isa = PBXProject;
			attributes = {
				BuildIndependentTargetsInParallel = 1;
				LastSwiftUpdateCheck = 1500;
				LastUpgradeCheck = 1500;
				TargetAttributes = {
					37CCE00E2AD3F49600B7AE4B = {
						CreatedOnToolsVersion = 15.0;
					};
				};
			};
			buildConfigurationList = 37CCE00A2AD3F49600B7AE4B /* Build configuration list for PBXProject "Munjez" */;
			compatibilityVersion = "Xcode 14.0";
			developmentRegion = en;
			hasScannedForEncodings = 0;
			knownRegions = (
				en,
				Base,
			);
			mainGroup = 37CCE0062AD3F49600B7AE4B;
			productRefGroup = 37CCE0102AD3F49600B7AE4B /* Products */;
			projectDirPath = "";
			projectRoot = "";
			targets = (
				37CCE00E2AD3F49600B7AE4B /* Munjez */,
			);
		};
/* End PBXProject section */

/* Begin PBXResourcesBuildPhase section */
		37CCE00D2AD3F49600B7AE4B /* Resources */ = {
			isa = PBXResourcesBuildPhase;
			buildActionMask = 2147483647;
			files = (
				37CCE01A2AD3F49700B7AE4B /* Preview Assets.xcassets in Resources */,
				A48F2EEB2B15EA36008CC6C0 /* clap.mp3 in Resources */,
				37CCE0172AD3F49700B7AE4B /* Assets.xcassets in Resources */,
			);
			runOnlyForDeploymentPostprocessing = 0;
		};
/* End PBXResourcesBuildPhase section */

/* Begin PBXSourcesBuildPhase section */
		37CCE00B2AD3F49600B7AE4B /* Sources */ = {
			isa = PBXSourcesBuildPhase;
			buildActionMask = 2147483647;
			files = (
				3775730E2ADEF7BF00BED241 /* EndDay.swift in Sources */,
				F0970F942AD7DC5300E9277D /* choosePets.swift in Sources */,
				F0970F902AD7DB9800E9277D /* personalPage.swift in Sources */,
				F0970F9C2AD7FE9D00E9277D /* SelectButton3.swift in Sources */,
				F0970F962AD7DC8000E9277D /* Selectbutton2.swift in Sources */,
				F0970F922AD7DC0E00E9277D /* Selectbutton.swift in Sources */,
				37A2DFE42AD5BDF1008C6540 /* FinalPage.swift in Sources */,
				A313852F2B149F070032DB79 /* newWeek.swift in Sources */,
				F0970F9A2AD7FE3A00E9277D /* SelectTask.swift in Sources */,
				37E042192ADD348C00A53CC2 /* tasksList.swift in Sources */,
				4BCEE4D12ADE74E30086FBB5 /* mImage.swift in Sources */,
				4BCEE4CF2ADE74720086FBB5 /* weeklyMap.swift in Sources */,
				37CCE0132AD3F49600B7AE4B /* MunjezApp.swift in Sources */,
			);
			runOnlyForDeploymentPostprocessing = 0;
		};
/* End PBXSourcesBuildPhase section */

/* Begin XCBuildConfiguration section */
		37CCE01B2AD3F49700B7AE4B /* Debug */ = {
			isa = XCBuildConfiguration;
			buildSettings = {
				ALWAYS_SEARCH_USER_PATHS = NO;
				ASSETCATALOG_COMPILER_GENERATE_SWIFT_ASSET_SYMBOL_EXTENSIONS = YES;
				CLANG_ANALYZER_NONNULL = YES;
				CLANG_ANALYZER_NUMBER_OBJECT_CONVERSION = YES_AGGRESSIVE;
				CLANG_CXX_LANGUAGE_STANDARD = "gnu++20";
				CLANG_ENABLE_MODULES = YES;
				CLANG_ENABLE_OBJC_ARC = YES;
				CLANG_ENABLE_OBJC_WEAK = YES;
				CLANG_WARN_BLOCK_CAPTURE_AUTORELEASING = YES;
				CLANG_WARN_BOOL_CONVERSION = YES;
				CLANG_WARN_COMMA = YES;
				CLANG_WARN_CONSTANT_CONVERSION = YES;
				CLANG_WARN_DEPRECATED_OBJC_IMPLEMENTATIONS = YES;
				CLANG_WARN_DIRECT_OBJC_ISA_USAGE = YES_ERROR;
				CLANG_WARN_DOCUMENTATION_COMMENTS = YES;
				CLANG_WARN_EMPTY_BODY = YES;
				CLANG_WARN_ENUM_CONVERSION = YES;
				CLANG_WARN_INFINITE_RECURSION = YES;
				CLANG_WARN_INT_CONVERSION = YES;
				CLANG_WARN_NON_LITERAL_NULL_CONVERSION = YES;
				CLANG_WARN_OBJC_IMPLICIT_RETAIN_SELF = YES;
				CLANG_WARN_OBJC_LITERAL_CONVERSION = YES;
				CLANG_WARN_OBJC_ROOT_CLASS = YES_ERROR;
				CLANG_WARN_QUOTED_INCLUDE_IN_FRAMEWORK_HEADER = YES;
				CLANG_WARN_RANGE_LOOP_ANALYSIS = YES;
				CLANG_WARN_STRICT_PROTOTYPES = YES;
				CLANG_WARN_SUSPICIOUS_MOVE = YES;
				CLANG_WARN_UNGUARDED_AVAILABILITY = YES_AGGRESSIVE;
				CLANG_WARN_UNREACHABLE_CODE = YES;
				CLANG_WARN__DUPLICATE_METHOD_MATCH = YES;
				COPY_PHASE_STRIP = NO;
				DEBUG_INFORMATION_FORMAT = dwarf;
				ENABLE_STRICT_OBJC_MSGSEND = YES;
				ENABLE_TESTABILITY = YES;
				ENABLE_USER_SCRIPT_SANDBOXING = YES;
				GCC_C_LANGUAGE_STANDARD = gnu17;
				GCC_DYNAMIC_NO_PIC = NO;
				GCC_NO_COMMON_BLOCKS = YES;
				GCC_OPTIMIZATION_LEVEL = 0;
				GCC_PREPROCESSOR_DEFINITIONS = (
					"DEBUG=1",
					"$(inherited)",
				);
				GCC_WARN_64_TO_32_BIT_CONVERSION = YES;
				GCC_WARN_ABOUT_RETURN_TYPE = YES_ERROR;
				GCC_WARN_UNDECLARED_SELECTOR = YES;
				GCC_WARN_UNINITIALIZED_AUTOS = YES_AGGRESSIVE;
				GCC_WARN_UNUSED_FUNCTION = YES;
				GCC_WARN_UNUSED_VARIABLE = YES;
				IPHONEOS_DEPLOYMENT_TARGET = 16.0;
				LOCALIZATION_PREFERS_STRING_CATALOGS = YES;
				MTL_ENABLE_DEBUG_INFO = INCLUDE_SOURCE;
				MTL_FAST_MATH = YES;
				ONLY_ACTIVE_ARCH = YES;
				SDKROOT = iphoneos;
				SWIFT_ACTIVE_COMPILATION_CONDITIONS = "DEBUG $(inherited)";
				SWIFT_OPTIMIZATION_LEVEL = "-Onone";
			};
			name = Debug;
		};
		37CCE01C2AD3F49700B7AE4B /* Release */ = {
			isa = XCBuildConfiguration;
			buildSettings = {
				ALWAYS_SEARCH_USER_PATHS = NO;
				ASSETCATALOG_COMPILER_GENERATE_SWIFT_ASSET_SYMBOL_EXTENSIONS = YES;
				CLANG_ANALYZER_NONNULL = YES;
				CLANG_ANALYZER_NUMBER_OBJECT_CONVERSION = YES_AGGRESSIVE;
				CLANG_CXX_LANGUAGE_STANDARD = "gnu++20";
				CLANG_ENABLE_MODULES = YES;
				CLANG_ENABLE_OBJC_ARC = YES;
				CLANG_ENABLE_OBJC_WEAK = YES;
				CLANG_WARN_BLOCK_CAPTURE_AUTORELEASING = YES;
				CLANG_WARN_BOOL_CONVERSION = YES;
				CLANG_WARN_COMMA = YES;
				CLANG_WARN_CONSTANT_CONVERSION = YES;
				CLANG_WARN_DEPRECATED_OBJC_IMPLEMENTATIONS = YES;
				CLANG_WARN_DIRECT_OBJC_ISA_USAGE = YES_ERROR;
				CLANG_WARN_DOCUMENTATION_COMMENTS = YES;
				CLANG_WARN_EMPTY_BODY = YES;
				CLANG_WARN_ENUM_CONVERSION = YES;
				CLANG_WARN_INFINITE_RECURSION = YES;
				CLANG_WARN_INT_CONVERSION = YES;
				CLANG_WARN_NON_LITERAL_NULL_CONVERSION = YES;
				CLANG_WARN_OBJC_IMPLICIT_RETAIN_SELF = YES;
				CLANG_WARN_OBJC_LITERAL_CONVERSION = YES;
				CLANG_WARN_OBJC_ROOT_CLASS = YES_ERROR;
				CLANG_WARN_QUOTED_INCLUDE_IN_FRAMEWORK_HEADER = YES;
				CLANG_WARN_RANGE_LOOP_ANALYSIS = YES;
				CLANG_WARN_STRICT_PROTOTYPES = YES;
				CLANG_WARN_SUSPICIOUS_MOVE = YES;
				CLANG_WARN_UNGUARDED_AVAILABILITY = YES_AGGRESSIVE;
				CLANG_WARN_UNREACHABLE_CODE = YES;
				CLANG_WARN__DUPLICATE_METHOD_MATCH = YES;
				COPY_PHASE_STRIP = NO;
				DEBUG_INFORMATION_FORMAT = "dwarf-with-dsym";
				ENABLE_NS_ASSERTIONS = NO;
				ENABLE_STRICT_OBJC_MSGSEND = YES;
				ENABLE_USER_SCRIPT_SANDBOXING = YES;
				GCC_C_LANGUAGE_STANDARD = gnu17;
				GCC_NO_COMMON_BLOCKS = YES;
				GCC_WARN_64_TO_32_BIT_CONVERSION = YES;
				GCC_WARN_ABOUT_RETURN_TYPE = YES_ERROR;
				GCC_WARN_UNDECLARED_SELECTOR = YES;
				GCC_WARN_UNINITIALIZED_AUTOS = YES_AGGRESSIVE;
				GCC_WARN_UNUSED_FUNCTION = YES;
				GCC_WARN_UNUSED_VARIABLE = YES;
				IPHONEOS_DEPLOYMENT_TARGET = 16.0;
				LOCALIZATION_PREFERS_STRING_CATALOGS = YES;
				MTL_ENABLE_DEBUG_INFO = NO;
				MTL_FAST_MATH = YES;
				SDKROOT = iphoneos;
				SWIFT_COMPILATION_MODE = wholemodule;
				VALIDATE_PRODUCT = YES;
			};
			name = Release;
		};
		37CCE01E2AD3F49700B7AE4B /* Debug */ = {
			isa = XCBuildConfiguration;
			buildSettings = {
				ASSETCATALOG_COMPILER_APPICON_NAME = AppIcon;
				ASSETCATALOG_COMPILER_GLOBAL_ACCENT_COLOR_NAME = AccentColor;
				CODE_SIGN_IDENTITY = "Apple Development";
				CODE_SIGN_STYLE = Automatic;
				CURRENT_PROJECT_VERSION = 1;
				DEVELOPMENT_ASSET_PATHS = "\"Munjez/Preview Content\"";
				DEVELOPMENT_TEAM = TGL4K2UHX6;
				ENABLE_PREVIEWS = YES;
				GENERATE_INFOPLIST_FILE = YES;
				INFOPLIST_FILE = Munjez/Info.plist;
				INFOPLIST_KEY_CFBundleDisplayName = "منجز";
				INFOPLIST_KEY_LSApplicationCategoryType = "public.app-category.lifestyle";
				INFOPLIST_KEY_UIApplicationSceneManifest_Generation = YES;
				INFOPLIST_KEY_UIApplicationSupportsIndirectInputEvents = YES;
				INFOPLIST_KEY_UISupportedInterfaceOrientations = "UIInterfaceOrientationLandscapeLeft UIInterfaceOrientationLandscapeRight UIInterfaceOrientationPortrait UIInterfaceOrientationPortraitUpsideDown";
				INFOPLIST_KEY_UIUserInterfaceStyle = Light;
				IPHONEOS_DEPLOYMENT_TARGET = 16.0;
				LD_RUNPATH_SEARCH_PATHS = (
					"$(inherited)",
					"@executable_path/Frameworks",
				);
				MARKETING_VERSION = 0.1.0;
				PRODUCT_BUNDLE_IDENTIFIER = Amal.Munjez;
				PRODUCT_NAME = "$(TARGET_NAME)";
				PROVISIONING_PROFILE_SPECIFIER = "";
				SWIFT_EMIT_LOC_STRINGS = YES;
				SWIFT_VERSION = 5.0;
				TARGETED_DEVICE_FAMILY = "1,2";
			};
			name = Debug;
		};
		37CCE01F2AD3F49700B7AE4B /* Release */ = {
			isa = XCBuildConfiguration;
			buildSettings = {
				ASSETCATALOG_COMPILER_APPICON_NAME = AppIcon;
				ASSETCATALOG_COMPILER_GLOBAL_ACCENT_COLOR_NAME = AccentColor;
				CODE_SIGN_IDENTITY = "Apple Development";
				CODE_SIGN_STYLE = Automatic;
				CURRENT_PROJECT_VERSION = 1;
				DEVELOPMENT_ASSET_PATHS = "\"Munjez/Preview Content\"";
				DEVELOPMENT_TEAM = TGL4K2UHX6;
				ENABLE_PREVIEWS = YES;
				GENERATE_INFOPLIST_FILE = YES;
				INFOPLIST_FILE = Munjez/Info.plist;
				INFOPLIST_KEY_CFBundleDisplayName = "منجز";
				INFOPLIST_KEY_LSApplicationCategoryType = "public.app-category.lifestyle";
				INFOPLIST_KEY_UIApplicationSceneManifest_Generation = YES;
				INFOPLIST_KEY_UIApplicationSupportsIndirectInputEvents = YES;
				INFOPLIST_KEY_UISupportedInterfaceOrientations = "UIInterfaceOrientationLandscapeLeft UIInterfaceOrientationLandscapeRight UIInterfaceOrientationPortrait UIInterfaceOrientationPortraitUpsideDown";
				INFOPLIST_KEY_UIUserInterfaceStyle = Light;
				IPHONEOS_DEPLOYMENT_TARGET = 16.0;
				LD_RUNPATH_SEARCH_PATHS = (
					"$(inherited)",
					"@executable_path/Frameworks",
				);
				MARKETING_VERSION = 0.1.0;
				PRODUCT_BUNDLE_IDENTIFIER = Amal.Munjez;
				PRODUCT_NAME = "$(TARGET_NAME)";
				PROVISIONING_PROFILE_SPECIFIER = "";
				SWIFT_EMIT_LOC_STRINGS = YES;
				SWIFT_VERSION = 5.0;
				TARGETED_DEVICE_FAMILY = "1,2";
			};
			name = Release;
		};
/* End XCBuildConfiguration section */

/* Begin XCConfigurationList section */
		37CCE00A2AD3F49600B7AE4B /* Build configuration list for PBXProject "Munjez" */ = {
			isa = XCConfigurationList;
			buildConfigurations = (
				37CCE01B2AD3F49700B7AE4B /* Debug */,
				37CCE01C2AD3F49700B7AE4B /* Release */,
			);
			defaultConfigurationIsVisible = 0;
			defaultConfigurationName = Release;
		};
		37CCE01D2AD3F49700B7AE4B /* Build configuration list for PBXNativeTarget "Munjez" */ = {
			isa = XCConfigurationList;
			buildConfigurations = (
				37CCE01E2AD3F49700B7AE4B /* Debug */,
				37CCE01F2AD3F49700B7AE4B /* Release */,
			);
			defaultConfigurationIsVisible = 0;
			defaultConfigurationName = Release;
		};
/* End XCConfigurationList section */
	};
	rootObject = 37CCE0072AD3F49600B7AE4B /* Project object */;
}
